{
  "name": "dom-change-serializer",
  "version": "1.0.0",
  "lockfileVersion": 1,
  "requires": true,
  "dependencies": {
    "mutation-summary": {
      "version": "0.1.1",
      "resolved": "https://registry.npmjs.org/mutation-summary/-/mutation-summary-0.1.1.tgz",
      "integrity": "sha1-DL2wyZGx+yWWV8yCueVxClOkFqk="
    }
  }
}
